// !$*UTF8*$!
{
	archiveVersion = 1;
	classes = {
	};
	objectVersion = 55;
	objects = {

/* Begin PBXBuildFile section */
		CC0F338328B5B565000E360F /* AddWritingPopupViewModel.swift in Sources */ = {isa = PBXBuildFile; fileRef = CC0F338228B5B565000E360F /* AddWritingPopupViewModel.swift */; };
		CC0F9CF828ABB545005D94F7 /* Launch Screen.storyboard in Resources */ = {isa = PBXBuildFile; fileRef = CC0F9CF728ABB545005D94F7 /* Launch Screen.storyboard */; };
		CC0F9CFD28B3AF59005D94F7 /* SettingView.swift in Sources */ = {isa = PBXBuildFile; fileRef = CC0F9CFC28B3AF59005D94F7 /* SettingView.swift */; };
		CC0F9CFF28B3B443005D94F7 /* DarkModeView.swift in Sources */ = {isa = PBXBuildFile; fileRef = CC0F9CFE28B3B443005D94F7 /* DarkModeView.swift */; };
		CC0F9D0128B3B4DA005D94F7 /* Alert.swift in Sources */ = {isa = PBXBuildFile; fileRef = CC0F9D0028B3B4DA005D94F7 /* Alert.swift */; };
		CC0F9D0328B3B4EB005D94F7 /* Tabbar.swift in Sources */ = {isa = PBXBuildFile; fileRef = CC0F9D0228B3B4EB005D94F7 /* Tabbar.swift */; };
		CC1FBB70289FFF1D006085D7 /* EmotionData.swift in Sources */ = {isa = PBXBuildFile; fileRef = CC1FBB6F289FFF1D006085D7 /* EmotionData.swift */; };
		CC1FBB7228A0024D006085D7 /* Emotion.swift in Sources */ = {isa = PBXBuildFile; fileRef = CC1FBB7128A0024D006085D7 /* Emotion.swift */; };
		CC6B46B828CF51B300CD039D /* SelectedEmotionPopUpView.swift in Sources */ = {isa = PBXBuildFile; fileRef = CC6B46B728CF51B300CD039D /* SelectedEmotionPopUpView.swift */; };
		CC7ECE1928D4C53800E2CEFC /* WritingTabView.swift in Sources */ = {isa = PBXBuildFile; fileRef = CC7ECE1828D4C53800E2CEFC /* WritingTabView.swift */; };
		CC818CDA2899ED8C003B8753 /* SaveOnApp.swift in Sources */ = {isa = PBXBuildFile; fileRef = CC818CD92899ED8C003B8753 /* SaveOnApp.swift */; };
		CC818CDE2899ED8C003B8753 /* Assets.xcassets in Resources */ = {isa = PBXBuildFile; fileRef = CC818CDD2899ED8C003B8753 /* Assets.xcassets */; };
		CC818CE12899ED8C003B8753 /* Preview Assets.xcassets in Resources */ = {isa = PBXBuildFile; fileRef = CC818CE02899ED8C003B8753 /* Preview Assets.xcassets */; };
		CC835A7A28AA824A004B987F /* EmotionViewModel.swift in Sources */ = {isa = PBXBuildFile; fileRef = CC835A7928AA824A004B987F /* EmotionViewModel.swift */; };
		CC835A8028AB7966004B987F /* SearchQuestionView.swift in Sources */ = {isa = PBXBuildFile; fileRef = CC835A7F28AB7966004B987F /* SearchQuestionView.swift */; };
		CC95F3052899F5D6008C3EEF /* SoundView.swift in Sources */ = {isa = PBXBuildFile; fileRef = CC95F3042899F5D6008C3EEF /* SoundView.swift */; };
		CC95F3072899F5DE008C3EEF /* WritingMainView.swift in Sources */ = {isa = PBXBuildFile; fileRef = CC95F3062899F5DE008C3EEF /* WritingMainView.swift */; };
		CC95F30B2899F657008C3EEF /* FreeView.swift in Sources */ = {isa = PBXBuildFile; fileRef = CC95F30A2899F657008C3EEF /* FreeView.swift */; };
		CC95F30D2899F65F008C3EEF /* QuestionView.swift in Sources */ = {isa = PBXBuildFile; fileRef = CC95F30C2899F65F008C3EEF /* QuestionView.swift */; };
		CC95F30F2899F667008C3EEF /* EmotionView.swift in Sources */ = {isa = PBXBuildFile; fileRef = CC95F30E2899F667008C3EEF /* EmotionView.swift */; };
		CC95F3172899F6C8008C3EEF /* SelectQuestionView.swift in Sources */ = {isa = PBXBuildFile; fileRef = CC95F3162899F6C8008C3EEF /* SelectQuestionView.swift */; };
		CC95F3192899F734008C3EEF /* WritingView.swift in Sources */ = {isa = PBXBuildFile; fileRef = CC95F3182899F734008C3EEF /* WritingView.swift */; };
		CC95F31B2899F743008C3EEF /* SelectingEmotionView.swift in Sources */ = {isa = PBXBuildFile; fileRef = CC95F31A2899F743008C3EEF /* SelectingEmotionView.swift */; };
		CC95F3212899F7F8008C3EEF /* Recode.swift in Sources */ = {isa = PBXBuildFile; fileRef = CC95F3202899F7F8008C3EEF /* Recode.swift */; };
		CC95F3232899F8FD008C3EEF /* Recordable.swift in Sources */ = {isa = PBXBuildFile; fileRef = CC95F3222899F8FD008C3EEF /* Recordable.swift */; };
		CC95F3262899FA3E008C3EEF /* Color.swift in Sources */ = {isa = PBXBuildFile; fileRef = CC95F3252899FA3E008C3EEF /* Color.swift */; };
		CC95F3282899FCEC008C3EEF /* extention.swift in Sources */ = {isa = PBXBuildFile; fileRef = CC95F3272899FCEC008C3EEF /* extention.swift */; };
		CC95F32A289A03A4008C3EEF /* Font.swift in Sources */ = {isa = PBXBuildFile; fileRef = CC95F329289A03A4008C3EEF /* Font.swift */; };
		CC95F32C289A77F9008C3EEF /* ContentView.swift in Sources */ = {isa = PBXBuildFile; fileRef = CC95F32B289A77F9008C3EEF /* ContentView.swift */; };
		CC95F32E289A78B3008C3EEF /* TimelineView.swift in Sources */ = {isa = PBXBuildFile; fileRef = CC95F32D289A78B3008C3EEF /* TimelineView.swift */; };
		CC95F331289A7B36008C3EEF /* Date.swift in Sources */ = {isa = PBXBuildFile; fileRef = CC95F330289A7B36008C3EEF /* Date.swift */; };
		CC95F335289A8A1E008C3EEF /* Question.swift in Sources */ = {isa = PBXBuildFile; fileRef = CC95F334289A8A1E008C3EEF /* Question.swift */; };
		CC95F338289AB179008C3EEF /* QuestionData.swift in Sources */ = {isa = PBXBuildFile; fileRef = CC95F337289AB179008C3EEF /* QuestionData.swift */; };
		CC9B2DB728A9DA0C001BF29B /* RecommandedQuestionView.swift in Sources */ = {isa = PBXBuildFile; fileRef = CC9B2DB628A9DA0C001BF29B /* RecommandedQuestionView.swift */; };
		CC9FC39028CE6864009CFB33 /* DateView.swift in Sources */ = {isa = PBXBuildFile; fileRef = CC9FC38F28CE6864009CFB33 /* DateView.swift */; };
		CC9FC39628CEDEE6009CFB33 /* WritingEditView.swift in Sources */ = {isa = PBXBuildFile; fileRef = CC9FC39528CEDEE6009CFB33 /* WritingEditView.swift */; };
		CCB1C1CC28B4784C0006D4DA /* DarkModeViewModel.swift in Sources */ = {isa = PBXBuildFile; fileRef = CCB1C1CB28B4784C0006D4DA /* DarkModeViewModel.swift */; };
		CCB1C1D628B4B6780006D4DA /* LicenseView.swift in Sources */ = {isa = PBXBuildFile; fileRef = CCB1C1D528B4B6780006D4DA /* LicenseView.swift */; };
		CCB1C1D828B4C1430006D4DA /* OnboardingView.swift in Sources */ = {isa = PBXBuildFile; fileRef = CCB1C1D728B4C1430006D4DA /* OnboardingView.swift */; };
		CCB7566D28C76A3D006C58EC /* SelectSoundView.swift in Sources */ = {isa = PBXBuildFile; fileRef = CCB7566C28C76A3D006C58EC /* SelectSoundView.swift */; };
		CCB7566F28C76E3B006C58EC /* Sound.swift in Sources */ = {isa = PBXBuildFile; fileRef = CCB7566E28C76E3B006C58EC /* Sound.swift */; };
		CCB7567328C8428E006C58EC /* WritingSequenceView.swift in Sources */ = {isa = PBXBuildFile; fileRef = CCB7567228C8428E006C58EC /* WritingSequenceView.swift */; };
		CCD0F41B28A3BBD8003774F0 /* SoundViewModel.swift in Sources */ = {isa = PBXBuildFile; fileRef = CCD0F41A28A3BBD8003774F0 /* SoundViewModel.swift */; };
		CCDE477728A7AEEC00BADBE3 /* TimelineContainer.xcdatamodeld in Sources */ = {isa = PBXBuildFile; fileRef = CCDE477528A7AEEC00BADBE3 /* TimelineContainer.xcdatamodeld */; };
		CCDE477D28A7BE1500BADBE3 /* TimelineViewModel.swift in Sources */ = {isa = PBXBuildFile; fileRef = CCDE477C28A7BE1500BADBE3 /* TimelineViewModel.swift */; };
		CCF3931D28A7FDF2008F506C /* UserDefaultKey.swift in Sources */ = {isa = PBXBuildFile; fileRef = CCF3931C28A7FDF2008F506C /* UserDefaultKey.swift */; };
		CCF3931F28A881F0008F506C /* SearchEmotionView.swift in Sources */ = {isa = PBXBuildFile; fileRef = CCF3931E28A881F0008F506C /* SearchEmotionView.swift */; };
/* End PBXBuildFile section */

/* Begin PBXFileReference section */
		CC0F338228B5B565000E360F /* AddWritingPopupViewModel.swift */ = {isa = PBXFileReference; lastKnownFileType = sourcecode.swift; path = AddWritingPopupViewModel.swift; sourceTree = "<group>"; };
		CC0F9CF728ABB545005D94F7 /* Launch Screen.storyboard */ = {isa = PBXFileReference; lastKnownFileType = file.storyboard; path = "Launch Screen.storyboard"; sourceTree = "<group>"; };
		CC0F9CFC28B3AF59005D94F7 /* SettingView.swift */ = {isa = PBXFileReference; lastKnownFileType = sourcecode.swift; path = SettingView.swift; sourceTree = "<group>"; };
		CC0F9CFE28B3B443005D94F7 /* DarkModeView.swift */ = {isa = PBXFileReference; lastKnownFileType = sourcecode.swift; path = DarkModeView.swift; sourceTree = "<group>"; };
		CC0F9D0028B3B4DA005D94F7 /* Alert.swift */ = {isa = PBXFileReference; lastKnownFileType = sourcecode.swift; path = Alert.swift; sourceTree = "<group>"; };
		CC0F9D0228B3B4EB005D94F7 /* Tabbar.swift */ = {isa = PBXFileReference; lastKnownFileType = sourcecode.swift; path = Tabbar.swift; sourceTree = "<group>"; };
		CC1FBB6F289FFF1D006085D7 /* EmotionData.swift */ = {isa = PBXFileReference; lastKnownFileType = sourcecode.swift; path = EmotionData.swift; sourceTree = "<group>"; };
		CC1FBB7128A0024D006085D7 /* Emotion.swift */ = {isa = PBXFileReference; lastKnownFileType = sourcecode.swift; path = Emotion.swift; sourceTree = "<group>"; };
		CC6B46B728CF51B300CD039D /* SelectedEmotionPopUpView.swift */ = {isa = PBXFileReference; lastKnownFileType = sourcecode.swift; path = SelectedEmotionPopUpView.swift; sourceTree = "<group>"; };
		CC7ECE1828D4C53800E2CEFC /* WritingTabView.swift */ = {isa = PBXFileReference; lastKnownFileType = sourcecode.swift; path = WritingTabView.swift; sourceTree = "<group>"; };
		CC818CD62899ED8C003B8753 /* Cherish.app */ = {isa = PBXFileReference; explicitFileType = wrapper.application; includeInIndex = 0; path = Cherish.app; sourceTree = BUILT_PRODUCTS_DIR; };
		CC818CD92899ED8C003B8753 /* SaveOnApp.swift */ = {isa = PBXFileReference; lastKnownFileType = sourcecode.swift; path = SaveOnApp.swift; sourceTree = "<group>"; };
		CC818CDD2899ED8C003B8753 /* Assets.xcassets */ = {isa = PBXFileReference; lastKnownFileType = folder.assetcatalog; path = Assets.xcassets; sourceTree = "<group>"; };
		CC818CE02899ED8C003B8753 /* Preview Assets.xcassets */ = {isa = PBXFileReference; lastKnownFileType = folder.assetcatalog; path = "Preview Assets.xcassets"; sourceTree = "<group>"; };
		CC835A7928AA824A004B987F /* EmotionViewModel.swift */ = {isa = PBXFileReference; lastKnownFileType = sourcecode.swift; path = EmotionViewModel.swift; sourceTree = "<group>"; };
		CC835A7F28AB7966004B987F /* SearchQuestionView.swift */ = {isa = PBXFileReference; lastKnownFileType = sourcecode.swift; path = SearchQuestionView.swift; sourceTree = "<group>"; };
		CC95F3042899F5D6008C3EEF /* SoundView.swift */ = {isa = PBXFileReference; lastKnownFileType = sourcecode.swift; path = SoundView.swift; sourceTree = "<group>"; };
		CC95F3062899F5DE008C3EEF /* WritingMainView.swift */ = {isa = PBXFileReference; lastKnownFileType = sourcecode.swift; path = WritingMainView.swift; sourceTree = "<group>"; };
		CC95F30A2899F657008C3EEF /* FreeView.swift */ = {isa = PBXFileReference; lastKnownFileType = sourcecode.swift; path = FreeView.swift; sourceTree = "<group>"; };
		CC95F30C2899F65F008C3EEF /* QuestionView.swift */ = {isa = PBXFileReference; lastKnownFileType = sourcecode.swift; path = QuestionView.swift; sourceTree = "<group>"; };
		CC95F30E2899F667008C3EEF /* EmotionView.swift */ = {isa = PBXFileReference; lastKnownFileType = sourcecode.swift; path = EmotionView.swift; sourceTree = "<group>"; };
		CC95F3162899F6C8008C3EEF /* SelectQuestionView.swift */ = {isa = PBXFileReference; lastKnownFileType = sourcecode.swift; path = SelectQuestionView.swift; sourceTree = "<group>"; };
		CC95F3182899F734008C3EEF /* WritingView.swift */ = {isa = PBXFileReference; lastKnownFileType = sourcecode.swift; path = WritingView.swift; sourceTree = "<group>"; };
		CC95F31A2899F743008C3EEF /* SelectingEmotionView.swift */ = {isa = PBXFileReference; lastKnownFileType = sourcecode.swift; path = SelectingEmotionView.swift; sourceTree = "<group>"; };
		CC95F3202899F7F8008C3EEF /* Recode.swift */ = {isa = PBXFileReference; lastKnownFileType = sourcecode.swift; path = Recode.swift; sourceTree = "<group>"; };
		CC95F3222899F8FD008C3EEF /* Recordable.swift */ = {isa = PBXFileReference; lastKnownFileType = sourcecode.swift; path = Recordable.swift; sourceTree = "<group>"; };
		CC95F3252899FA3E008C3EEF /* Color.swift */ = {isa = PBXFileReference; lastKnownFileType = sourcecode.swift; path = Color.swift; sourceTree = "<group>"; };
		CC95F3272899FCEC008C3EEF /* extention.swift */ = {isa = PBXFileReference; lastKnownFileType = sourcecode.swift; path = extention.swift; sourceTree = "<group>"; };
		CC95F329289A03A4008C3EEF /* Font.swift */ = {isa = PBXFileReference; lastKnownFileType = sourcecode.swift; path = Font.swift; sourceTree = "<group>"; };
		CC95F32B289A77F9008C3EEF /* ContentView.swift */ = {isa = PBXFileReference; lastKnownFileType = sourcecode.swift; path = ContentView.swift; sourceTree = "<group>"; };
		CC95F32D289A78B3008C3EEF /* TimelineView.swift */ = {isa = PBXFileReference; lastKnownFileType = sourcecode.swift; path = TimelineView.swift; sourceTree = "<group>"; };
		CC95F330289A7B36008C3EEF /* Date.swift */ = {isa = PBXFileReference; lastKnownFileType = sourcecode.swift; path = Date.swift; sourceTree = "<group>"; };
		CC95F334289A8A1E008C3EEF /* Question.swift */ = {isa = PBXFileReference; lastKnownFileType = sourcecode.swift; path = Question.swift; sourceTree = "<group>"; };
		CC95F337289AB179008C3EEF /* QuestionData.swift */ = {isa = PBXFileReference; lastKnownFileType = sourcecode.swift; path = QuestionData.swift; sourceTree = "<group>"; };
		CC9B2DB628A9DA0C001BF29B /* RecommandedQuestionView.swift */ = {isa = PBXFileReference; lastKnownFileType = sourcecode.swift; path = RecommandedQuestionView.swift; sourceTree = "<group>"; };
		CC9FC38F28CE6864009CFB33 /* DateView.swift */ = {isa = PBXFileReference; lastKnownFileType = sourcecode.swift; path = DateView.swift; sourceTree = "<group>"; };
		CC9FC39528CEDEE6009CFB33 /* WritingEditView.swift */ = {isa = PBXFileReference; lastKnownFileType = sourcecode.swift; path = WritingEditView.swift; sourceTree = "<group>"; };
		CCB1C1CB28B4784C0006D4DA /* DarkModeViewModel.swift */ = {isa = PBXFileReference; lastKnownFileType = sourcecode.swift; path = DarkModeViewModel.swift; sourceTree = "<group>"; };
		CCB1C1D528B4B6780006D4DA /* LicenseView.swift */ = {isa = PBXFileReference; lastKnownFileType = sourcecode.swift; path = LicenseView.swift; sourceTree = "<group>"; };
		CCB1C1D728B4C1430006D4DA /* OnboardingView.swift */ = {isa = PBXFileReference; lastKnownFileType = sourcecode.swift; path = OnboardingView.swift; sourceTree = "<group>"; };
		CCB7566C28C76A3D006C58EC /* SelectSoundView.swift */ = {isa = PBXFileReference; lastKnownFileType = sourcecode.swift; path = SelectSoundView.swift; sourceTree = "<group>"; };
		CCB7566E28C76E3B006C58EC /* Sound.swift */ = {isa = PBXFileReference; lastKnownFileType = sourcecode.swift; path = Sound.swift; sourceTree = "<group>"; };
		CCB7567228C8428E006C58EC /* WritingSequenceView.swift */ = {isa = PBXFileReference; lastKnownFileType = sourcecode.swift; path = WritingSequenceView.swift; sourceTree = "<group>"; };
		CCD0F41A28A3BBD8003774F0 /* SoundViewModel.swift */ = {isa = PBXFileReference; lastKnownFileType = sourcecode.swift; path = SoundViewModel.swift; sourceTree = "<group>"; };
		CCDE477628A7AEEC00BADBE3 /* TimelineContainer.xcdatamodel */ = {isa = PBXFileReference; lastKnownFileType = wrapper.xcdatamodel; path = TimelineContainer.xcdatamodel; sourceTree = "<group>"; };
		CCDE477C28A7BE1500BADBE3 /* TimelineViewModel.swift */ = {isa = PBXFileReference; lastKnownFileType = sourcecode.swift; path = TimelineViewModel.swift; sourceTree = "<group>"; };
		CCF3931C28A7FDF2008F506C /* UserDefaultKey.swift */ = {isa = PBXFileReference; lastKnownFileType = sourcecode.swift; path = UserDefaultKey.swift; sourceTree = "<group>"; };
		CCF3931E28A881F0008F506C /* SearchEmotionView.swift */ = {isa = PBXFileReference; lastKnownFileType = sourcecode.swift; path = SearchEmotionView.swift; sourceTree = "<group>"; };
/* End PBXFileReference section */

/* Begin PBXFrameworksBuildPhase section */
		CC818CD32899ED8B003B8753 /* Frameworks */ = {
			isa = PBXFrameworksBuildPhase;
			buildActionMask = 2147483647;
			files = (
			);
			runOnlyForDeploymentPostprocessing = 0;
		};
/* End PBXFrameworksBuildPhase section */

/* Begin PBXGroup section */
		CC0F9CFB28B3AF42005D94F7 /* Setting */ = {
			isa = PBXGroup;
			children = (
				CC0F9CFC28B3AF59005D94F7 /* SettingView.swift */,
				CC0F9CFE28B3B443005D94F7 /* DarkModeView.swift */,
				CCB1C1CB28B4784C0006D4DA /* DarkModeViewModel.swift */,
				CCB1C1D528B4B6780006D4DA /* LicenseView.swift */,
				CCB7567228C8428E006C58EC /* WritingSequenceView.swift */,
				CCB7566C28C76A3D006C58EC /* SelectSoundView.swift */,
			);
			path = Setting;
			sourceTree = "<group>";
		};
		CC818CCD2899ED8B003B8753 = {
			isa = PBXGroup;
			children = (
				CC818CD82899ED8C003B8753 /* Cherish */,
				CC818CD72899ED8C003B8753 /* Products */,
			);
			sourceTree = "<group>";
		};
		CC818CD72899ED8C003B8753 /* Products */ = {
			isa = PBXGroup;
			children = (
				CC818CD62899ED8C003B8753 /* Cherish.app */,
			);
			name = Products;
			sourceTree = "<group>";
		};
		CC818CD82899ED8C003B8753 /* Cherish */ = {
			isa = PBXGroup;
			children = (
				CC818CD92899ED8C003B8753 /* SaveOnApp.swift */,
				CC95F32B289A77F9008C3EEF /* ContentView.swift */,
				CCB1C1D728B4C1430006D4DA /* OnboardingView.swift */,
				CC95F3242899FA34008C3EEF /* Utility */,
				CC95F339289AB183008C3EEF /* Data */,
				CC95F31F2899F7D6008C3EEF /* Model */,
				CC95F32F289A7972008C3EEF /* View */,
				CC95F3012899F5B0008C3EEF /* Sound */,
				CC818CDD2899ED8C003B8753 /* Assets.xcassets */,
				CC818CDF2899ED8C003B8753 /* Preview Content */,
			);
			path = Cherish;
			sourceTree = "<group>";
		};
		CC818CDF2899ED8C003B8753 /* Preview Content */ = {
			isa = PBXGroup;
			children = (
				CC818CE02899ED8C003B8753 /* Preview Assets.xcassets */,
			);
			path = "Preview Content";
			sourceTree = "<group>";
		};
		CC95F2FD2899F562008C3EEF /* Writing */ = {
			isa = PBXGroup;
			children = (
				CC95F3062899F5DE008C3EEF /* WritingMainView.swift */,
				CC95F3182899F734008C3EEF /* WritingView.swift */,
				CC0F338228B5B565000E360F /* AddWritingPopupViewModel.swift */,
				CC9FC38F28CE6864009CFB33 /* DateView.swift */,
				CC95F3122899F681008C3EEF /* Free */,
				CC95F3142899F690008C3EEF /* Emotion */,
				CC95F3132899F68A008C3EEF /* Question */,
			);
			path = Writing;
			sourceTree = "<group>";
		};
		CC95F2FE2899F56A008C3EEF /* TimeLine */ = {
			isa = PBXGroup;
			children = (
				CC95F32D289A78B3008C3EEF /* TimelineView.swift */,
				CC7ECE1828D4C53800E2CEFC /* WritingTabView.swift */,
				CC9FC39528CEDEE6009CFB33 /* WritingEditView.swift */,
				CCDE477C28A7BE1500BADBE3 /* TimelineViewModel.swift */,
			);
			path = TimeLine;
			sourceTree = "<group>";
		};
		CC95F3012899F5B0008C3EEF /* Sound */ = {
			isa = PBXGroup;
			children = (
				CCD0F41A28A3BBD8003774F0 /* SoundViewModel.swift */,
				CC95F3042899F5D6008C3EEF /* SoundView.swift */,
			);
			path = Sound;
			sourceTree = "<group>";
		};
		CC95F3122899F681008C3EEF /* Free */ = {
			isa = PBXGroup;
			children = (
				CC95F30A2899F657008C3EEF /* FreeView.swift */,
			);
			path = Free;
			sourceTree = "<group>";
		};
		CC95F3132899F68A008C3EEF /* Question */ = {
			isa = PBXGroup;
			children = (
				CC9B2DB628A9DA0C001BF29B /* RecommandedQuestionView.swift */,
				CC95F3162899F6C8008C3EEF /* SelectQuestionView.swift */,
				CC835A7F28AB7966004B987F /* SearchQuestionView.swift */,
				CC95F30C2899F65F008C3EEF /* QuestionView.swift */,
			);
			path = Question;
			sourceTree = "<group>";
		};
		CC95F3142899F690008C3EEF /* Emotion */ = {
			isa = PBXGroup;
			children = (
				CC95F31A2899F743008C3EEF /* SelectingEmotionView.swift */,
				CCF3931E28A881F0008F506C /* SearchEmotionView.swift */,
				CC95F30E2899F667008C3EEF /* EmotionView.swift */,
				CC835A7928AA824A004B987F /* EmotionViewModel.swift */,
				CC6B46B728CF51B300CD039D /* SelectedEmotionPopUpView.swift */,
			);
			path = Emotion;
			sourceTree = "<group>";
		};
		CC95F31F2899F7D6008C3EEF /* Model */ = {
			isa = PBXGroup;
			children = (
				CC95F3222899F8FD008C3EEF /* Recordable.swift */,
			);
			path = Model;
			sourceTree = "<group>";
		};
		CC95F3242899FA34008C3EEF /* Utility */ = {
			isa = PBXGroup;
			children = (
				CC95F3252899FA3E008C3EEF /* Color.swift */,
				CC95F3272899FCEC008C3EEF /* extention.swift */,
				CC95F329289A03A4008C3EEF /* Font.swift */,
				CC95F330289A7B36008C3EEF /* Date.swift */,
			);
			path = Utility;
			sourceTree = "<group>";
		};
		CC95F32F289A7972008C3EEF /* View */ = {
			isa = PBXGroup;
			children = (
				CC95F2FD2899F562008C3EEF /* Writing */,
				CC95F2FE2899F56A008C3EEF /* TimeLine */,
				CC0F9CFB28B3AF42005D94F7 /* Setting */,
				CC0F9CF728ABB545005D94F7 /* Launch Screen.storyboard */,
			);
			path = View;
			sourceTree = "<group>";
		};
		CC95F336289A8A27008C3EEF /* Enum */ = {
			isa = PBXGroup;
			children = (
				CC95F334289A8A1E008C3EEF /* Question.swift */,
				CC95F3202899F7F8008C3EEF /* Recode.swift */,
				CC1FBB7128A0024D006085D7 /* Emotion.swift */,
				CCF3931C28A7FDF2008F506C /* UserDefaultKey.swift */,
				CC0F9D0028B3B4DA005D94F7 /* Alert.swift */,
				CC0F9D0228B3B4EB005D94F7 /* Tabbar.swift */,
				CCB7566E28C76E3B006C58EC /* Sound.swift */,
			);
			path = Enum;
			sourceTree = "<group>";
		};
		CC95F339289AB183008C3EEF /* Data */ = {
			isa = PBXGroup;
			children = (
				CCDE477528A7AEEC00BADBE3 /* TimelineContainer.xcdatamodeld */,
				CC95F336289A8A27008C3EEF /* Enum */,
				CC95F337289AB179008C3EEF /* QuestionData.swift */,
				CC1FBB6F289FFF1D006085D7 /* EmotionData.swift */,
			);
			path = Data;
			sourceTree = "<group>";
		};
/* End PBXGroup section */

/* Begin PBXNativeTarget section */
		CC818CD52899ED8B003B8753 /* Cherish */ = {
			isa = PBXNativeTarget;
			buildConfigurationList = CC818CE42899ED8C003B8753 /* Build configuration list for PBXNativeTarget "Cherish" */;
			buildPhases = (
				CC818CD22899ED8B003B8753 /* Sources */,
				CC818CD32899ED8B003B8753 /* Frameworks */,
				CC818CD42899ED8B003B8753 /* Resources */,
			);
			buildRules = (
			);
			dependencies = (
			);
			name = Cherish;
			productName = SaveOn;
			productReference = CC818CD62899ED8C003B8753 /* Cherish.app */;
			productType = "com.apple.product-type.application";
		};
/* End PBXNativeTarget section */

/* Begin PBXProject section */
		CC818CCE2899ED8B003B8753 /* Project object */ = {
			isa = PBXProject;
			attributes = {
				BuildIndependentTargetsInParallel = 1;
				LastSwiftUpdateCheck = 1340;
				LastUpgradeCheck = 1340;
				TargetAttributes = {
					CC818CD52899ED8B003B8753 = {
						CreatedOnToolsVersion = 13.4.1;
					};
				};
			};
			buildConfigurationList = CC818CD12899ED8B003B8753 /* Build configuration list for PBXProject "Cherish" */;
			compatibilityVersion = "Xcode 13.0";
			developmentRegion = en;
			hasScannedForEncodings = 0;
			knownRegions = (
				en,
				Base,
			);
			mainGroup = CC818CCD2899ED8B003B8753;
			productRefGroup = CC818CD72899ED8C003B8753 /* Products */;
			projectDirPath = "";
			projectRoot = "";
			targets = (
				CC818CD52899ED8B003B8753 /* Cherish */,
			);
		};
/* End PBXProject section */

/* Begin PBXResourcesBuildPhase section */
		CC818CD42899ED8B003B8753 /* Resources */ = {
			isa = PBXResourcesBuildPhase;
			buildActionMask = 2147483647;
			files = (
				CC0F9CF828ABB545005D94F7 /* Launch Screen.storyboard in Resources */,
				CC818CE12899ED8C003B8753 /* Preview Assets.xcassets in Resources */,
				CC818CDE2899ED8C003B8753 /* Assets.xcassets in Resources */,
			);
			runOnlyForDeploymentPostprocessing = 0;
		};
/* End PBXResourcesBuildPhase section */

/* Begin PBXSourcesBuildPhase section */
		CC818CD22899ED8B003B8753 /* Sources */ = {
			isa = PBXSourcesBuildPhase;
			buildActionMask = 2147483647;
			files = (
				CC835A7A28AA824A004B987F /* EmotionViewModel.swift in Sources */,
				CC95F3072899F5DE008C3EEF /* WritingMainView.swift in Sources */,
				CC95F3192899F734008C3EEF /* WritingView.swift in Sources */,
				CCB1C1D628B4B6780006D4DA /* LicenseView.swift in Sources */,
				CCB7567328C8428E006C58EC /* WritingSequenceView.swift in Sources */,
				CC0F9D0328B3B4EB005D94F7 /* Tabbar.swift in Sources */,
				CC95F3212899F7F8008C3EEF /* Recode.swift in Sources */,
				CC95F30F2899F667008C3EEF /* EmotionView.swift in Sources */,
				CC95F3172899F6C8008C3EEF /* SelectQuestionView.swift in Sources */,
				CC0F9CFF28B3B443005D94F7 /* DarkModeView.swift in Sources */,
				CC9FC39028CE6864009CFB33 /* DateView.swift in Sources */,
				CC95F30D2899F65F008C3EEF /* QuestionView.swift in Sources */,
				CC95F3262899FA3E008C3EEF /* Color.swift in Sources */,
				CC95F335289A8A1E008C3EEF /* Question.swift in Sources */,
				CC1FBB7228A0024D006085D7 /* Emotion.swift in Sources */,
				CCB7566F28C76E3B006C58EC /* Sound.swift in Sources */,
				CCF3931D28A7FDF2008F506C /* UserDefaultKey.swift in Sources */,
				CC7ECE1928D4C53800E2CEFC /* WritingTabView.swift in Sources */,
				CC835A8028AB7966004B987F /* SearchQuestionView.swift in Sources */,
				CC818CDA2899ED8C003B8753 /* SaveOnApp.swift in Sources */,
				CCDE477728A7AEEC00BADBE3 /* TimelineContainer.xcdatamodeld in Sources */,
				CC95F338289AB179008C3EEF /* QuestionData.swift in Sources */,
				CC95F331289A7B36008C3EEF /* Date.swift in Sources */,
				CC95F3282899FCEC008C3EEF /* extention.swift in Sources */,
				CC0F338328B5B565000E360F /* AddWritingPopupViewModel.swift in Sources */,
				CCDE477D28A7BE1500BADBE3 /* TimelineViewModel.swift in Sources */,
				CCB7566D28C76A3D006C58EC /* SelectSoundView.swift in Sources */,
				CCB1C1D828B4C1430006D4DA /* OnboardingView.swift in Sources */,
				CC1FBB70289FFF1D006085D7 /* EmotionData.swift in Sources */,
				CC95F32A289A03A4008C3EEF /* Font.swift in Sources */,
				CC95F32E289A78B3008C3EEF /* TimelineView.swift in Sources */,
				CC6B46B828CF51B300CD039D /* SelectedEmotionPopUpView.swift in Sources */,
				CC0F9CFD28B3AF59005D94F7 /* SettingView.swift in Sources */,
				CC95F31B2899F743008C3EEF /* SelectingEmotionView.swift in Sources */,
				CC95F32C289A77F9008C3EEF /* ContentView.swift in Sources */,
				CCF3931F28A881F0008F506C /* SearchEmotionView.swift in Sources */,
				CCB1C1CC28B4784C0006D4DA /* DarkModeViewModel.swift in Sources */,
				CC9FC39628CEDEE6009CFB33 /* WritingEditView.swift in Sources */,
				CC95F30B2899F657008C3EEF /* FreeView.swift in Sources */,
				CCD0F41B28A3BBD8003774F0 /* SoundViewModel.swift in Sources */,
				CC95F3232899F8FD008C3EEF /* Recordable.swift in Sources */,
				CC9B2DB728A9DA0C001BF29B /* RecommandedQuestionView.swift in Sources */,
				CC0F9D0128B3B4DA005D94F7 /* Alert.swift in Sources */,
				CC95F3052899F5D6008C3EEF /* SoundView.swift in Sources */,
			);
			runOnlyForDeploymentPostprocessing = 0;
		};
/* End PBXSourcesBuildPhase section */

/* Begin XCBuildConfiguration section */
		CC818CE22899ED8C003B8753 /* Debug */ = {
			isa = XCBuildConfiguration;
			buildSettings = {
				ALWAYS_SEARCH_USER_PATHS = NO;
				CLANG_ANALYZER_NONNULL = YES;
				CLANG_ANALYZER_NUMBER_OBJECT_CONVERSION = YES_AGGRESSIVE;
				CLANG_CXX_LANGUAGE_STANDARD = "gnu++17";
				CLANG_ENABLE_MODULES = YES;
				CLANG_ENABLE_OBJC_ARC = YES;
				CLANG_ENABLE_OBJC_WEAK = YES;
				CLANG_WARN_BLOCK_CAPTURE_AUTORELEASING = YES;
				CLANG_WARN_BOOL_CONVERSION = YES;
				CLANG_WARN_COMMA = YES;
				CLANG_WARN_CONSTANT_CONVERSION = YES;
				CLANG_WARN_DEPRECATED_OBJC_IMPLEMENTATIONS = YES;
				CLANG_WARN_DIRECT_OBJC_ISA_USAGE = YES_ERROR;
				CLANG_WARN_DOCUMENTATION_COMMENTS = YES;
				CLANG_WARN_EMPTY_BODY = YES;
				CLANG_WARN_ENUM_CONVERSION = YES;
				CLANG_WARN_INFINITE_RECURSION = YES;
				CLANG_WARN_INT_CONVERSION = YES;
				CLANG_WARN_NON_LITERAL_NULL_CONVERSION = YES;
				CLANG_WARN_OBJC_IMPLICIT_RETAIN_SELF = YES;
				CLANG_WARN_OBJC_LITERAL_CONVERSION = YES;
				CLANG_WARN_OBJC_ROOT_CLASS = YES_ERROR;
				CLANG_WARN_QUOTED_INCLUDE_IN_FRAMEWORK_HEADER = YES;
				CLANG_WARN_RANGE_LOOP_ANALYSIS = YES;
				CLANG_WARN_STRICT_PROTOTYPES = YES;
				CLANG_WARN_SUSPICIOUS_MOVE = YES;
				CLANG_WARN_UNGUARDED_AVAILABILITY = YES_AGGRESSIVE;
				CLANG_WARN_UNREACHABLE_CODE = YES;
				CLANG_WARN__DUPLICATE_METHOD_MATCH = YES;
				COPY_PHASE_STRIP = NO;
				DEBUG_INFORMATION_FORMAT = dwarf;
				ENABLE_STRICT_OBJC_MSGSEND = YES;
				ENABLE_TESTABILITY = YES;
				GCC_C_LANGUAGE_STANDARD = gnu11;
				GCC_DYNAMIC_NO_PIC = NO;
				GCC_NO_COMMON_BLOCKS = YES;
				GCC_OPTIMIZATION_LEVEL = 0;
				GCC_PREPROCESSOR_DEFINITIONS = (
					"DEBUG=1",
					"$(inherited)",
				);
				GCC_WARN_64_TO_32_BIT_CONVERSION = YES;
				GCC_WARN_ABOUT_RETURN_TYPE = YES_ERROR;
				GCC_WARN_UNDECLARED_SELECTOR = YES;
				GCC_WARN_UNINITIALIZED_AUTOS = YES_AGGRESSIVE;
				GCC_WARN_UNUSED_FUNCTION = YES;
				GCC_WARN_UNUSED_VARIABLE = YES;
				IPHONEOS_DEPLOYMENT_TARGET = 15.0;
				MTL_ENABLE_DEBUG_INFO = INCLUDE_SOURCE;
				MTL_FAST_MATH = YES;
				ONLY_ACTIVE_ARCH = YES;
				SDKROOT = iphoneos;
				SWIFT_ACTIVE_COMPILATION_CONDITIONS = DEBUG;
				SWIFT_OPTIMIZATION_LEVEL = "-Onone";
			};
			name = Debug;
		};
		CC818CE32899ED8C003B8753 /* Release */ = {
			isa = XCBuildConfiguration;
			buildSettings = {
				ALWAYS_SEARCH_USER_PATHS = NO;
				CLANG_ANALYZER_NONNULL = YES;
				CLANG_ANALYZER_NUMBER_OBJECT_CONVERSION = YES_AGGRESSIVE;
				CLANG_CXX_LANGUAGE_STANDARD = "gnu++17";
				CLANG_ENABLE_MODULES = YES;
				CLANG_ENABLE_OBJC_ARC = YES;
				CLANG_ENABLE_OBJC_WEAK = YES;
				CLANG_WARN_BLOCK_CAPTURE_AUTORELEASING = YES;
				CLANG_WARN_BOOL_CONVERSION = YES;
				CLANG_WARN_COMMA = YES;
				CLANG_WARN_CONSTANT_CONVERSION = YES;
				CLANG_WARN_DEPRECATED_OBJC_IMPLEMENTATIONS = YES;
				CLANG_WARN_DIRECT_OBJC_ISA_USAGE = YES_ERROR;
				CLANG_WARN_DOCUMENTATION_COMMENTS = YES;
				CLANG_WARN_EMPTY_BODY = YES;
				CLANG_WARN_ENUM_CONVERSION = YES;
				CLANG_WARN_INFINITE_RECURSION = YES;
				CLANG_WARN_INT_CONVERSION = YES;
				CLANG_WARN_NON_LITERAL_NULL_CONVERSION = YES;
				CLANG_WARN_OBJC_IMPLICIT_RETAIN_SELF = YES;
				CLANG_WARN_OBJC_LITERAL_CONVERSION = YES;
				CLANG_WARN_OBJC_ROOT_CLASS = YES_ERROR;
				CLANG_WARN_QUOTED_INCLUDE_IN_FRAMEWORK_HEADER = YES;
				CLANG_WARN_RANGE_LOOP_ANALYSIS = YES;
				CLANG_WARN_STRICT_PROTOTYPES = YES;
				CLANG_WARN_SUSPICIOUS_MOVE = YES;
				CLANG_WARN_UNGUARDED_AVAILABILITY = YES_AGGRESSIVE;
				CLANG_WARN_UNREACHABLE_CODE = YES;
				CLANG_WARN__DUPLICATE_METHOD_MATCH = YES;
				COPY_PHASE_STRIP = NO;
				DEBUG_INFORMATION_FORMAT = "dwarf-with-dsym";
				ENABLE_NS_ASSERTIONS = NO;
				ENABLE_STRICT_OBJC_MSGSEND = YES;
				GCC_C_LANGUAGE_STANDARD = gnu11;
				GCC_NO_COMMON_BLOCKS = YES;
				GCC_WARN_64_TO_32_BIT_CONVERSION = YES;
				GCC_WARN_ABOUT_RETURN_TYPE = YES_ERROR;
				GCC_WARN_UNDECLARED_SELECTOR = YES;
				GCC_WARN_UNINITIALIZED_AUTOS = YES_AGGRESSIVE;
				GCC_WARN_UNUSED_FUNCTION = YES;
				GCC_WARN_UNUSED_VARIABLE = YES;
				IPHONEOS_DEPLOYMENT_TARGET = 15.0;
				MTL_ENABLE_DEBUG_INFO = NO;
				MTL_FAST_MATH = YES;
				SDKROOT = iphoneos;
				SWIFT_COMPILATION_MODE = wholemodule;
				SWIFT_OPTIMIZATION_LEVEL = "-O";
				VALIDATE_PRODUCT = YES;
			};
			name = Release;
		};
		CC818CE52899ED8C003B8753 /* Debug */ = {
			isa = XCBuildConfiguration;
			buildSettings = {
				ASSETCATALOG_COMPILER_APPICON_NAME = AppIcon;
				ASSETCATALOG_COMPILER_GLOBAL_ACCENT_COLOR_NAME = AccentColor;
				CODE_SIGN_IDENTITY = "Apple Development";
				CODE_SIGN_STYLE = Automatic;
				CURRENT_PROJECT_VERSION = 1;
				DEVELOPMENT_ASSET_PATHS = "\"Cherish/Preview Content\"";
				DEVELOPMENT_TEAM = J7ZP3WYXRW;
				ENABLE_PREVIEWS = YES;
				GENERATE_INFOPLIST_FILE = YES;
				INFOPLIST_FILE = "";
				INFOPLIST_KEY_UIApplicationSceneManifest_Generation = YES;
				INFOPLIST_KEY_UIApplicationSupportsIndirectInputEvents = YES;
				INFOPLIST_KEY_UILaunchScreen_Generation = YES;
				INFOPLIST_KEY_UISupportedInterfaceOrientations_iPad = "UIInterfaceOrientationPortrait UIInterfaceOrientationPortraitUpsideDown UIInterfaceOrientationLandscapeLeft UIInterfaceOrientationLandscapeRight";
				INFOPLIST_KEY_UISupportedInterfaceOrientations_iPhone = UIInterfaceOrientationPortrait;
				LD_RUNPATH_SEARCH_PATHS = (
					"$(inherited)",
					"@executable_path/Frameworks",
				);
				MARKETING_VERSION = 1.1.0;
				PRODUCT_BUNDLE_IDENTIFIER = Rivery.cherish.app;
				PRODUCT_NAME = "$(TARGET_NAME)";
				PROVISIONING_PROFILE_SPECIFIER = "";
				SWIFT_EMIT_LOC_STRINGS = YES;
				SWIFT_VERSION = 5.0;
				TARGETED_DEVICE_FAMILY = 1;
			};
			name = Debug;
		};
		CC818CE62899ED8C003B8753 /* Release */ = {
			isa = XCBuildConfiguration;
			buildSettings = {
				ASSETCATALOG_COMPILER_APPICON_NAME = AppIcon;
				ASSETCATALOG_COMPILER_GLOBAL_ACCENT_COLOR_NAME = AccentColor;
				CODE_SIGN_IDENTITY = "Apple Development";
				CODE_SIGN_STYLE = Automatic;
				CURRENT_PROJECT_VERSION = 1;
				DEVELOPMENT_ASSET_PATHS = "\"Cherish/Preview Content\"";
				DEVELOPMENT_TEAM = J7ZP3WYXRW;
				ENABLE_PREVIEWS = YES;
				GENERATE_INFOPLIST_FILE = YES;
				INFOPLIST_FILE = "";
				INFOPLIST_KEY_UIApplicationSceneManifest_Generation = YES;
				INFOPLIST_KEY_UIApplicationSupportsIndirectInputEvents = YES;
				INFOPLIST_KEY_UILaunchScreen_Generation = YES;
				INFOPLIST_KEY_UISupportedInterfaceOrientations_iPad = "UIInterfaceOrientationPortrait UIInterfaceOrientationPortraitUpsideDown UIInterfaceOrientationLandscapeLeft UIInterfaceOrientationLandscapeRight";
				INFOPLIST_KEY_UISupportedInterfaceOrientations_iPhone = UIInterfaceOrientationPortrait;
				LD_RUNPATH_SEARCH_PATHS = (
					"$(inherited)",
					"@executable_path/Frameworks",
				);
				MARKETING_VERSION = 1.1.0;
				PRODUCT_BUNDLE_IDENTIFIER = Rivery.cherish.app;
				PRODUCT_NAME = "$(TARGET_NAME)";
				PROVISIONING_PROFILE_SPECIFIER = "";
				SWIFT_EMIT_LOC_STRINGS = YES;
				SWIFT_VERSION = 5.0;
				TARGETED_DEVICE_FAMILY = 1;
			};
			name = Release;
		};
/* End XCBuildConfiguration section */

/* Begin XCConfigurationList section */
		CC818CD12899ED8B003B8753 /* Build configuration list for PBXProject "Cherish" */ = {
			isa = XCConfigurationList;
			buildConfigurations = (
				CC818CE22899ED8C003B8753 /* Debug */,
				CC818CE32899ED8C003B8753 /* Release */,
			);
			defaultConfigurationIsVisible = 0;
			defaultConfigurationName = Release;
		};
		CC818CE42899ED8C003B8753 /* Build configuration list for PBXNativeTarget "Cherish" */ = {
			isa = XCConfigurationList;
			buildConfigurations = (
				CC818CE52899ED8C003B8753 /* Debug */,
				CC818CE62899ED8C003B8753 /* Release */,
			);
			defaultConfigurationIsVisible = 0;
			defaultConfigurationName = Release;
		};
/* End XCConfigurationList section */

/* Begin XCVersionGroup section */
		CCDE477528A7AEEC00BADBE3 /* TimelineContainer.xcdatamodeld */ = {
			isa = XCVersionGroup;
			children = (
				CCDE477628A7AEEC00BADBE3 /* TimelineContainer.xcdatamodel */,
			);
			currentVersion = CCDE477628A7AEEC00BADBE3 /* TimelineContainer.xcdatamodel */;
			path = TimelineContainer.xcdatamodeld;
			sourceTree = "<group>";
			versionGroupType = wrapper.xcdatamodel;
		};
/* End XCVersionGroup section */
	};
	rootObject = CC818CCE2899ED8B003B8753 /* Project object */;
}
